
Microsoft Visual Studio Solution File, Format Version 12.00
# Visual Studio Version 17
VisualStudioVersion = 17.9.34902.65
MinimumVisualStudioVersion = 10.0.40219.1
Project("{FAE04EC0-301F-11D3-BF4B-00C04F79EFBC}") = "EMPCLIENT", "EMPCLIENT\EMPCLIENT.csproj", "{E8EA5003-E2F7-4DC3-B91E-6CBA228E839A}"
EndProject
Global
	GlobalSection(SolutionConfigurationPlatforms) = preSolution
		Debug|Any CPU = Debug|Any CPU
		Release|Any CPU = Release|Any CPU
	EndGlobalSection
	GlobalSection(ProjectConfigurationPlatforms) = postSolution
		{E8EA5003-E2F7-4DC3-B91E-6CBA228E839A}.Debug|Any CPU.ActiveCfg = Debug|Any CPU
		{E8EA5003-E2F7-4DC3-B91E-6CBA228E839A}.Debug|Any CPU.Build.0 = Debug|Any CPU
		{E8EA5003-E2F7-4DC3-B91E-6CBA228E839A}.Release|Any CPU.ActiveCfg = Release|Any CPU
		{E8EA5003-E2F7-4DC3-B91E-6CBA228E839A}.Release|Any CPU.Build.0 = Release|Any CPU
	EndGlobalSection
	GlobalSection(SolutionProperties) = preSolution
		HideSolutionNode = FALSE
	EndGlobalSection
	GlobalSection(ExtensibilityGlobals) = postSolution
		SolutionGuid = {97F8562E-3DB2-4E23-A2E5-A49E97A76F4E}
	EndGlobalSection
EndGlobal
